
Microsoft Visual Studio Solution File, Format Version 12.00
# Visual Studio 2013
VisualStudioVersion = 12.0.30723.0
MinimumVisualStudioVersion = 10.0.40219.1
Project("{FAE04EC0-301F-11D3-BF4B-00C04F79EFBC}") = "TME.CarConfigurator.Repository.Objects", "TME.CarConfigurator.Repository.Objects\TME.CarConfigurator.Repository.Objects.csproj", "{2154EAAA-3D11-4654-BEA6-7B147451DBA8}"
EndProject
Project("{FAE04EC0-301F-11D3-BF4B-00C04F79EFBC}") = "TME.CarConfigurator", "TME.CarConfigurator\TME.CarConfigurator.csproj", "{89489B1E-DFAA-4164-93C3-A79859368CF8}"
EndProject
Project("{FAE04EC0-301F-11D3-BF4B-00C04F79EFBC}") = "TME.CarConfigurator.Interfaces", "TME.CarConfigurator.Interfaces\TME.CarConfigurator.Interfaces.csproj", "{EFDB033C-66A8-40BB-B596-561F45E6C7F7}"
EndProject
Project("{FAE04EC0-301F-11D3-BF4B-00C04F79EFBC}") = "TME.FrontEndViewer", "TME.FrontEndViewer\TME.FrontEndViewer.csproj", "{33DC4253-B2BD-4273-82D0-969538FB96F1}"
EndProject
Project("{FAE04EC0-301F-11D3-BF4B-00C04F79EFBC}") = "TME.Carconfigurator.Tests", "TME.Carconfigurator.Tests\TME.Carconfigurator.Tests.csproj", "{0A0C8BAA-A2AE-453E-978B-E348CF562000}"
EndProject
Project("{FAE04EC0-301F-11D3-BF4B-00C04F79EFBC}") = "TME.CarConfigurator.Publisher", "TME.CarConfigurator.Publisher\TME.CarConfigurator.Publisher.csproj", "{90212D66-76E4-4842-8CF0-EAD35988D8E2}"
EndProject
Project("{2150E333-8FDC-42A3-9474-1A3956D46DE8}") = ".nuget", ".nuget", "{4778CCF8-98FA-4E01-94E8-7A03B28993FE}"
	ProjectSection(SolutionItems) = preProject
		.nuget\packages.config = .nuget\packages.config
	EndProjectSection
EndProject
Project("{FAE04EC0-301F-11D3-BF4B-00C04F79EFBC}") = "TME.CarConfigurator.Publisher.UI", "TME.CarConfigurator.Publisher.UI\TME.CarConfigurator.Publisher.UI.csproj", "{3F5B78BB-E8D7-4052-85C3-1244FB73CCDA}"
EndProject
Project("{FAE04EC0-301F-11D3-BF4B-00C04F79EFBC}") = "TME.CarConfigurator.LegacyAdapter", "TME.CarConfigurator.LegacyAdapter\TME.CarConfigurator.LegacyAdapter.csproj", "{1D44F515-45AA-428A-91B5-3E0F227CD253}"
EndProject
Project("{FAE04EC0-301F-11D3-BF4B-00C04F79EFBC}") = "TME.CarConfigurator.Query.Tests", "TME.CarConfigurator.QueryRepository.Tests\TME.CarConfigurator.Query.Tests.csproj", "{B12A8825-69C1-4C60-BC64-208C202A3A78}"
EndProject
Project("{FAE04EC0-301F-11D3-BF4B-00C04F79EFBC}") = "TME.CarConfigurator.Tests.Shared", "TME.CarConfigurator.Tests.Shared\TME.CarConfigurator.Tests.Shared.csproj", "{7DFDEC11-EB2D-4844-B822-C47CC899D138}"
EndProject
Project("{FAE04EC0-301F-11D3-BF4B-00C04F79EFBC}") = "TME.CarConfigurator.S3.Shared", "TME.CarConfigurator.S3.Shared\TME.CarConfigurator.S3.Shared.csproj", "{07BE5767-ABBA-4DC4-BB09-F1CE85CAC7FC}"
EndProject
Project("{FAE04EC0-301F-11D3-BF4B-00C04F79EFBC}") = "TME.CarConfigurator.S3.QueryServices", "TME.CarConfigurator.S3.GetServices\TME.CarConfigurator.S3.QueryServices.csproj", "{5F4575A4-88DB-4B32-BC1E-CD6FED06CA12}"
EndProject
Project("{FAE04EC0-301F-11D3-BF4B-00C04F79EFBC}") = "TME.CarConfigurator.S3.CommandServices", "TME.CarConfigurator.S3.PutServices\TME.CarConfigurator.S3.CommandServices.csproj", "{F2D02000-FCD7-4356-9356-30E98CF5B829}"
EndProject
Project("{FAE04EC0-301F-11D3-BF4B-00C04F79EFBC}") = "TME.CarConfigurator.Publisher.Common", "TME.CarConfigurator.Publisher.Common\TME.CarConfigurator.Publisher.Common.csproj", "{86BF7D2D-EF86-40DC-94A9-540A0DDCD68E}"
EndProject
Project("{FAE04EC0-301F-11D3-BF4B-00C04F79EFBC}") = "TME.CarConfigurator.QueryServices", "TME.CarConfigurator.QueryServices\TME.CarConfigurator.QueryServices.csproj", "{37F53701-A371-44CC-B2F5-886910FBA751}"
EndProject
Project("{FAE04EC0-301F-11D3-BF4B-00C04F79EFBC}") = "TME.CarConfigurator.CommandServices", "TME.CarConfigurator.CommandServices\TME.CarConfigurator.CommandServices.csproj", "{3DB012EE-FEB6-40F1-9C09-97212C142013}"
EndProject
Project("{FAE04EC0-301F-11D3-BF4B-00C04F79EFBC}") = "TME.CarConfigurator.S3.Publisher", "TME.CarConfigurator.S3.Publisher\TME.CarConfigurator.S3.Publisher.csproj", "{12F8E2E0-B205-4771-8499-357EA845082F}"
EndProject
Project("{FAE04EC0-301F-11D3-BF4B-00C04F79EFBC}") = "TME.CarConfigurator.DI", "TME.CarConfigurator.DI\TME.CarConfigurator.DI.csproj", "{4D5EB607-E56D-47BA-8E67-E196AE1CB19B}"
EndProject
Project("{FAE04EC0-301F-11D3-BF4B-00C04F79EFBC}") = "TME.CarConfigurator.Publisher.DI", "TME.CarConfigurator.Publisher.DI\TME.CarConfigurator.Publisher.DI.csproj", "{6CB2E090-5694-4AFF-A503-5F59C25B37DC}"
EndProject
Global
	GlobalSection(SolutionConfigurationPlatforms) = preSolution
		Debug|Any CPU = Debug|Any CPU
		Release|Any CPU = Release|Any CPU
	EndGlobalSection
	GlobalSection(ProjectConfigurationPlatforms) = postSolution
		{2154EAAA-3D11-4654-BEA6-7B147451DBA8}.Debug|Any CPU.ActiveCfg = Debug|Any CPU
		{2154EAAA-3D11-4654-BEA6-7B147451DBA8}.Debug|Any CPU.Build.0 = Debug|Any CPU
		{2154EAAA-3D11-4654-BEA6-7B147451DBA8}.Release|Any CPU.ActiveCfg = Release|Any CPU
		{2154EAAA-3D11-4654-BEA6-7B147451DBA8}.Release|Any CPU.Build.0 = Release|Any CPU
		{89489B1E-DFAA-4164-93C3-A79859368CF8}.Debug|Any CPU.ActiveCfg = Debug|Any CPU
		{89489B1E-DFAA-4164-93C3-A79859368CF8}.Debug|Any CPU.Build.0 = Debug|Any CPU
		{89489B1E-DFAA-4164-93C3-A79859368CF8}.Release|Any CPU.ActiveCfg = Release|Any CPU
		{89489B1E-DFAA-4164-93C3-A79859368CF8}.Release|Any CPU.Build.0 = Release|Any CPU
		{EFDB033C-66A8-40BB-B596-561F45E6C7F7}.Debug|Any CPU.ActiveCfg = Debug|Any CPU
		{EFDB033C-66A8-40BB-B596-561F45E6C7F7}.Debug|Any CPU.Build.0 = Debug|Any CPU
		{EFDB033C-66A8-40BB-B596-561F45E6C7F7}.Release|Any CPU.ActiveCfg = Release|Any CPU
		{EFDB033C-66A8-40BB-B596-561F45E6C7F7}.Release|Any CPU.Build.0 = Release|Any CPU
		{33DC4253-B2BD-4273-82D0-969538FB96F1}.Debug|Any CPU.ActiveCfg = Debug|Any CPU
		{33DC4253-B2BD-4273-82D0-969538FB96F1}.Debug|Any CPU.Build.0 = Debug|Any CPU
		{33DC4253-B2BD-4273-82D0-969538FB96F1}.Release|Any CPU.ActiveCfg = Release|Any CPU
		{33DC4253-B2BD-4273-82D0-969538FB96F1}.Release|Any CPU.Build.0 = Release|Any CPU
		{0A0C8BAA-A2AE-453E-978B-E348CF562000}.Debug|Any CPU.ActiveCfg = Debug|Any CPU
		{0A0C8BAA-A2AE-453E-978B-E348CF562000}.Debug|Any CPU.Build.0 = Debug|Any CPU
		{0A0C8BAA-A2AE-453E-978B-E348CF562000}.Release|Any CPU.ActiveCfg = Release|Any CPU
		{0A0C8BAA-A2AE-453E-978B-E348CF562000}.Release|Any CPU.Build.0 = Release|Any CPU
		{90212D66-76E4-4842-8CF0-EAD35988D8E2}.Debug|Any CPU.ActiveCfg = Debug|Any CPU
		{90212D66-76E4-4842-8CF0-EAD35988D8E2}.Debug|Any CPU.Build.0 = Debug|Any CPU
		{90212D66-76E4-4842-8CF0-EAD35988D8E2}.Release|Any CPU.ActiveCfg = Release|Any CPU
		{90212D66-76E4-4842-8CF0-EAD35988D8E2}.Release|Any CPU.Build.0 = Release|Any CPU
		{3F5B78BB-E8D7-4052-85C3-1244FB73CCDA}.Debug|Any CPU.ActiveCfg = Debug|Any CPU
		{3F5B78BB-E8D7-4052-85C3-1244FB73CCDA}.Debug|Any CPU.Build.0 = Debug|Any CPU
		{3F5B78BB-E8D7-4052-85C3-1244FB73CCDA}.Release|Any CPU.ActiveCfg = Release|Any CPU
		{3F5B78BB-E8D7-4052-85C3-1244FB73CCDA}.Release|Any CPU.Build.0 = Release|Any CPU
		{1D44F515-45AA-428A-91B5-3E0F227CD253}.Debug|Any CPU.ActiveCfg = Debug|Any CPU
		{1D44F515-45AA-428A-91B5-3E0F227CD253}.Debug|Any CPU.Build.0 = Debug|Any CPU
		{1D44F515-45AA-428A-91B5-3E0F227CD253}.Release|Any CPU.ActiveCfg = Release|Any CPU
		{1D44F515-45AA-428A-91B5-3E0F227CD253}.Release|Any CPU.Build.0 = Release|Any CPU
		{B12A8825-69C1-4C60-BC64-208C202A3A78}.Debug|Any CPU.ActiveCfg = Debug|Any CPU
		{B12A8825-69C1-4C60-BC64-208C202A3A78}.Debug|Any CPU.Build.0 = Debug|Any CPU
		{B12A8825-69C1-4C60-BC64-208C202A3A78}.Release|Any CPU.ActiveCfg = Release|Any CPU
		{B12A8825-69C1-4C60-BC64-208C202A3A78}.Release|Any CPU.Build.0 = Release|Any CPU
		{7DFDEC11-EB2D-4844-B822-C47CC899D138}.Debug|Any CPU.ActiveCfg = Debug|Any CPU
		{7DFDEC11-EB2D-4844-B822-C47CC899D138}.Debug|Any CPU.Build.0 = Debug|Any CPU
		{7DFDEC11-EB2D-4844-B822-C47CC899D138}.Release|Any CPU.ActiveCfg = Release|Any CPU
		{7DFDEC11-EB2D-4844-B822-C47CC899D138}.Release|Any CPU.Build.0 = Release|Any CPU
		{07BE5767-ABBA-4DC4-BB09-F1CE85CAC7FC}.Debug|Any CPU.ActiveCfg = Debug|Any CPU
		{07BE5767-ABBA-4DC4-BB09-F1CE85CAC7FC}.Debug|Any CPU.Build.0 = Debug|Any CPU
		{07BE5767-ABBA-4DC4-BB09-F1CE85CAC7FC}.Release|Any CPU.ActiveCfg = Release|Any CPU
		{07BE5767-ABBA-4DC4-BB09-F1CE85CAC7FC}.Release|Any CPU.Build.0 = Release|Any CPU
		{5F4575A4-88DB-4B32-BC1E-CD6FED06CA12}.Debug|Any CPU.ActiveCfg = Debug|Any CPU
		{5F4575A4-88DB-4B32-BC1E-CD6FED06CA12}.Debug|Any CPU.Build.0 = Debug|Any CPU
		{5F4575A4-88DB-4B32-BC1E-CD6FED06CA12}.Release|Any CPU.ActiveCfg = Release|Any CPU
		{5F4575A4-88DB-4B32-BC1E-CD6FED06CA12}.Release|Any CPU.Build.0 = Release|Any CPU
		{F2D02000-FCD7-4356-9356-30E98CF5B829}.Debug|Any CPU.ActiveCfg = Debug|Any CPU
		{F2D02000-FCD7-4356-9356-30E98CF5B829}.Debug|Any CPU.Build.0 = Debug|Any CPU
		{F2D02000-FCD7-4356-9356-30E98CF5B829}.Release|Any CPU.ActiveCfg = Release|Any CPU
		{F2D02000-FCD7-4356-9356-30E98CF5B829}.Release|Any CPU.Build.0 = Release|Any CPU
		{86BF7D2D-EF86-40DC-94A9-540A0DDCD68E}.Debug|Any CPU.ActiveCfg = Debug|Any CPU
		{86BF7D2D-EF86-40DC-94A9-540A0DDCD68E}.Debug|Any CPU.Build.0 = Debug|Any CPU
		{86BF7D2D-EF86-40DC-94A9-540A0DDCD68E}.Release|Any CPU.ActiveCfg = Release|Any CPU
		{86BF7D2D-EF86-40DC-94A9-540A0DDCD68E}.Release|Any CPU.Build.0 = Release|Any CPU
		{37F53701-A371-44CC-B2F5-886910FBA751}.Debug|Any CPU.ActiveCfg = Debug|Any CPU
		{37F53701-A371-44CC-B2F5-886910FBA751}.Debug|Any CPU.Build.0 = Debug|Any CPU
		{37F53701-A371-44CC-B2F5-886910FBA751}.Release|Any CPU.ActiveCfg = Release|Any CPU
		{37F53701-A371-44CC-B2F5-886910FBA751}.Release|Any CPU.Build.0 = Release|Any CPU
		{3DB012EE-FEB6-40F1-9C09-97212C142013}.Debug|Any CPU.ActiveCfg = Debug|Any CPU
		{3DB012EE-FEB6-40F1-9C09-97212C142013}.Debug|Any CPU.Build.0 = Debug|Any CPU
		{3DB012EE-FEB6-40F1-9C09-97212C142013}.Release|Any CPU.ActiveCfg = Release|Any CPU
		{3DB012EE-FEB6-40F1-9C09-97212C142013}.Release|Any CPU.Build.0 = Release|Any CPU
		{12F8E2E0-B205-4771-8499-357EA845082F}.Debug|Any CPU.ActiveCfg = Debug|Any CPU
		{12F8E2E0-B205-4771-8499-357EA845082F}.Debug|Any CPU.Build.0 = Debug|Any CPU
		{12F8E2E0-B205-4771-8499-357EA845082F}.Release|Any CPU.ActiveCfg = Release|Any CPU
		{12F8E2E0-B205-4771-8499-357EA845082F}.Release|Any CPU.Build.0 = Release|Any CPU
		{4D5EB607-E56D-47BA-8E67-E196AE1CB19B}.Debug|Any CPU.ActiveCfg = Debug|Any CPU
		{4D5EB607-E56D-47BA-8E67-E196AE1CB19B}.Debug|Any CPU.Build.0 = Debug|Any CPU
		{4D5EB607-E56D-47BA-8E67-E196AE1CB19B}.Release|Any CPU.ActiveCfg = Release|Any CPU
		{4D5EB607-E56D-47BA-8E67-E196AE1CB19B}.Release|Any CPU.Build.0 = Release|Any CPU
		{6CB2E090-5694-4AFF-A503-5F59C25B37DC}.Debug|Any CPU.ActiveCfg = Debug|Any CPU
		{6CB2E090-5694-4AFF-A503-5F59C25B37DC}.Debug|Any CPU.Build.0 = Debug|Any CPU
		{6CB2E090-5694-4AFF-A503-5F59C25B37DC}.Release|Any CPU.ActiveCfg = Release|Any CPU
		{6CB2E090-5694-4AFF-A503-5F59C25B37DC}.Release|Any CPU.Build.0 = Release|Any CPU
	EndGlobalSection
	GlobalSection(SolutionProperties) = preSolution
		HideSolutionNode = FALSE
	EndGlobalSection
EndGlobal
